
Microsoft Visual Studio Solution File, Format Version 12.00
# Visual Studio 15
VisualStudioVersion = 15.0.34526.175
MinimumVisualStudioVersion = 10.0.40219.1
Project("{FAE04EC0-301F-11D3-BF4B-00C04F79EFBC}") = "TETRIS", "TETRIS\TETRIS.csproj", "{F13A5BB9-AA66-498B-889E-56CBF0DBCEBF}"
EndProject
Global
	GlobalSection(SolutionConfigurationPlatforms) = preSolution
		Debug|Any CPU = Debug|Any CPU
		Release|Any CPU = Release|Any CPU
	EndGlobalSection
	GlobalSection(ProjectConfigurationPlatforms) = postSolution
		{F13A5BB9-AA66-498B-889E-56CBF0DBCEBF}.Debug|Any CPU.ActiveCfg = Debug|Any CPU
		{F13A5BB9-AA66-498B-889E-56CBF0DBCEBF}.Debug|Any CPU.Build.0 = Debug|Any CPU
		{F13A5BB9-AA66-498B-889E-56CBF0DBCEBF}.Release|Any CPU.ActiveCfg = Release|Any CPU
		{F13A5BB9-AA66-498B-889E-56CBF0DBCEBF}.Release|Any CPU.Build.0 = Release|Any CPU
	EndGlobalSection
	GlobalSection(SolutionProperties) = preSolution
		HideSolutionNode = FALSE
	EndGlobalSection
	GlobalSection(ExtensibilityGlobals) = postSolution
		SolutionGuid = {0901D888-EAC4-4B74-87F0-23B269915DE7}
	EndGlobalSection
EndGlobal
